{
  "name": "text-to-commit",
  "version": "0.1.1",
  "lockfileVersion": 3,
  "requires": true,
  "packages": {
    "": {
      "name": "text-to-commit",
      "version": "0.1.1",
      "license": "MIT",
      "dependencies": {
        "yax-cli": "^0.5.1"
      },
      "bin": {
        "text-to-commit": "bin/text-to-commit.js"
      },
      "devDependencies": {}
    },
    "node_modules/yax-cli": {
      "version": "0.5.1",
      "resolved": "https://registry.npmjs.org/yax-cli/-/yax-cli-0.5.1.tgz",
      "integrity": "sha512-KQx0ZDt+wuv1q/rY84YHATgVJyMU/MmJ/rbBuLy+Un/7rLjcar3OCvR8KLNIDSmC6KDDeP1hZ+WCxXEi+0e8uA==",
      "license": "MIT"
    }
  }
}
